[[package]]
name = "bitflags"
version = "0.7.0"
source = "registry+https://github.com/rust-lang/crates.io-index"

[[package]]
name = "bitflags"
version = "0.8.2"
source = "registry+https://github.com/rust-lang/crates.io-index"

[[package]]
name = "bitflags"
version = "1.0.1"
source = "registry+https://github.com/rust-lang/crates.io-index"

[[package]]
name = "cfg-if"
version = "0.1.2"
source = "registry+https://github.com/rust-lang/crates.io-index"

[[package]]
name = "derivative"
version = "1.0.0"
source = "registry+https://github.com/rust-lang/crates.io-index"
dependencies = [
 "itertools 0.5.10 (registry+https://github.com/rust-lang/crates.io-index)",
 "quote 0.3.15 (registry+https://github.com/rust-lang/crates.io-index)",
 "syn 0.10.8 (registry+https://github.com/rust-lang/crates.io-index)",
]

[[package]]
name = "draw_state"
version = "0.7.1"
source = "registry+https://github.com/rust-lang/crates.io-index"
dependencies = [
 "bitflags 0.8.2 (registry+https://github.com/rust-lang/crates.io-index)",
]

[[package]]
name = "either"
version = "1.4.0"
source = "registry+https://github.com/rust-lang/crates.io-index"

[[package]]
name = "fuchsia-zircon"
version = "0.3.2"
source = "registry+https://github.com/rust-lang/crates.io-index"
dependencies = [
 "bitflags 1.0.1 (registry+https://github.com/rust-lang/crates.io-index)",
 "fuchsia-zircon-sys 0.3.2 (registry+https://github.com/rust-lang/crates.io-index)",
]

[[package]]
name = "fuchsia-zircon-sys"
version = "0.3.2"
source = "registry+https://github.com/rust-lang/crates.io-index"

[[package]]
name = "gfx"
version = "0.16.2"
source = "registry+https://github.com/rust-lang/crates.io-index"
dependencies = [
 "derivative 1.0.0 (registry+https://github.com/rust-lang/crates.io-index)",
 "draw_state 0.7.1 (registry+https://github.com/rust-lang/crates.io-index)",
 "gfx_core 0.7.2 (registry+https://github.com/rust-lang/crates.io-index)",
 "log 0.3.9 (registry+https://github.com/rust-lang/crates.io-index)",
]

[[package]]
name = "gfx_core"
version = "0.7.2"
source = "registry+https://github.com/rust-lang/crates.io-index"
dependencies = [
 "bitflags 0.8.2 (registry+https://github.com/rust-lang/crates.io-index)",
 "derivative 1.0.0 (registry+https://github.com/rust-lang/crates.io-index)",
 "draw_state 0.7.1 (registry+https://github.com/rust-lang/crates.io-index)",
 "log 0.3.9 (registry+https://github.com/rust-lang/crates.io-index)",
]

[[package]]
name = "gfx_device_gl"
version = "0.14.6"
source = "registry+https://github.com/rust-lang/crates.io-index"
dependencies = [
 "gfx_core 0.7.2 (registry+https://github.com/rust-lang/crates.io-index)",
 "gfx_gl 0.4.0 (registry+https://github.com/rust-lang/crates.io-index)",
 "log 0.3.9 (registry+https://github.com/rust-lang/crates.io-index)",
]

[[package]]
name = "gfx_gl"
version = "0.4.0"
source = "registry+https://github.com/rust-lang/crates.io-index"
dependencies = [
 "gl_generator 0.7.0 (registry+https://github.com/rust-lang/crates.io-index)",
]

[[package]]
name = "gfx_window_sdl"
version = "0.7.0"
source = "registry+https://github.com/rust-lang/crates.io-index"
dependencies = [
 "gfx_core 0.7.2 (registry+https://github.com/rust-lang/crates.io-index)",
 "gfx_device_gl 0.14.6 (registry+https://github.com/rust-lang/crates.io-index)",
 "log 0.3.9 (registry+https://github.com/rust-lang/crates.io-index)",
 "sdl2 0.30.0 (registry+https://github.com/rust-lang/crates.io-index)",
]

[[package]]
name = "gl_generator"
version = "0.7.0"
source = "registry+https://github.com/rust-lang/crates.io-index"
dependencies = [
 "khronos_api 2.0.0 (registry+https://github.com/rust-lang/crates.io-index)",
 "log 0.3.9 (registry+https://github.com/rust-lang/crates.io-index)",
 "xml-rs 0.7.0 (registry+https://github.com/rust-lang/crates.io-index)",
]

[[package]]
name = "itertools"
version = "0.5.10"
source = "registry+https://github.com/rust-lang/crates.io-index"
dependencies = [
 "either 1.4.0 (registry+https://github.com/rust-lang/crates.io-index)",
]

[[package]]
name = "khronos_api"
version = "2.0.0"
source = "registry+https://github.com/rust-lang/crates.io-index"

[[package]]
name = "lazy_static"
version = "0.2.11"
source = "registry+https://github.com/rust-lang/crates.io-index"

[[package]]
name = "libc"
version = "0.2.34"
source = "registry+https://github.com/rust-lang/crates.io-index"

[[package]]
name = "log"
version = "0.3.9"
source = "registry+https://github.com/rust-lang/crates.io-index"
dependencies = [
 "log 0.4.0 (registry+https://github.com/rust-lang/crates.io-index)",
]

[[package]]
name = "log"
version = "0.4.0"
source = "registry+https://github.com/rust-lang/crates.io-index"
dependencies = [
 "cfg-if 0.1.2 (registry+https://github.com/rust-lang/crates.io-index)",
]

[[package]]
name = "num"
version = "0.1.41"
source = "registry+https://github.com/rust-lang/crates.io-index"
dependencies = [
 "num-integer 0.1.35 (registry+https://github.com/rust-lang/crates.io-index)",
 "num-iter 0.1.34 (registry+https://github.com/rust-lang/crates.io-index)",
 "num-traits 0.1.41 (registry+https://github.com/rust-lang/crates.io-index)",
]

[[package]]
name = "num-integer"
version = "0.1.35"
source = "registry+https://github.com/rust-lang/crates.io-index"
dependencies = [
 "num-traits 0.1.41 (registry+https://github.com/rust-lang/crates.io-index)",
]

[[package]]
name = "num-iter"
version = "0.1.34"
source = "registry+https://github.com/rust-lang/crates.io-index"
dependencies = [
 "num-integer 0.1.35 (registry+https://github.com/rust-lang/crates.io-index)",
 "num-traits 0.1.41 (registry+https://github.com/rust-lang/crates.io-index)",
]

[[package]]
name = "num-traits"
version = "0.1.41"
source = "registry+https://github.com/rust-lang/crates.io-index"

[[package]]
name = "quote"
version = "0.3.15"
source = "registry+https://github.com/rust-lang/crates.io-index"

[[package]]
name = "rand"
version = "0.3.19"
source = "registry+https://github.com/rust-lang/crates.io-index"
dependencies = [
 "fuchsia-zircon 0.3.2 (registry+https://github.com/rust-lang/crates.io-index)",
 "libc 0.2.34 (registry+https://github.com/rust-lang/crates.io-index)",
]

[[package]]
name = "sdl2"
version = "0.30.0"
source = "registry+https://github.com/rust-lang/crates.io-index"
dependencies = [
 "bitflags 0.7.0 (registry+https://github.com/rust-lang/crates.io-index)",
 "lazy_static 0.2.11 (registry+https://github.com/rust-lang/crates.io-index)",
 "libc 0.2.34 (registry+https://github.com/rust-lang/crates.io-index)",
 "num 0.1.41 (registry+https://github.com/rust-lang/crates.io-index)",
 "rand 0.3.19 (registry+https://github.com/rust-lang/crates.io-index)",
 "sdl2-sys 0.30.0 (registry+https://github.com/rust-lang/crates.io-index)",
]

[[package]]
name = "sdl2-sys"
version = "0.30.0"
source = "registry+https://github.com/rust-lang/crates.io-index"
dependencies = [
 "libc 0.2.34 (registry+https://github.com/rust-lang/crates.io-index)",
]

[[package]]
name = "syn"
version = "0.10.8"
source = "registry+https://github.com/rust-lang/crates.io-index"
dependencies = [
 "quote 0.3.15 (registry+https://github.com/rust-lang/crates.io-index)",
 "unicode-xid 0.0.4 (registry+https://github.com/rust-lang/crates.io-index)",
]

[[package]]
name = "szb"
version = "0.1.0"
dependencies = [
 "gfx 0.16.2 (registry+https://github.com/rust-lang/crates.io-index)",
 "gfx_window_sdl 0.7.0 (registry+https://github.com/rust-lang/crates.io-index)",
 "sdl2 0.30.0 (registry+https://github.com/rust-lang/crates.io-index)",
]

[[package]]
name = "unicode-xid"
version = "0.0.4"
source = "registry+https://github.com/rust-lang/crates.io-index"

[[package]]
name = "xml-rs"
version = "0.7.0"
source = "registry+https://github.com/rust-lang/crates.io-index"
dependencies = [
 "bitflags 1.0.1 (registry+https://github.com/rust-lang/crates.io-index)",
]

[metadata]
"checksum bitflags 0.7.0 (registry+https://github.com/rust-lang/crates.io-index)" = "aad18937a628ec6abcd26d1489012cc0e18c21798210f491af69ded9b881106d"
"checksum bitflags 0.8.2 (registry+https://github.com/rust-lang/crates.io-index)" = "1370e9fc2a6ae53aea8b7a5110edbd08836ed87c88736dfabccade1c2b44bff4"
"checksum bitflags 1.0.1 (registry+https://github.com/rust-lang/crates.io-index)" = "b3c30d3802dfb7281680d6285f2ccdaa8c2d8fee41f93805dba5c4cf50dc23cf"
"checksum cfg-if 0.1.2 (registry+https://github.com/rust-lang/crates.io-index)" = "d4c819a1287eb618df47cc647173c5c4c66ba19d888a6e50d605672aed3140de"
"checksum derivative 1.0.0 (registry+https://github.com/rust-lang/crates.io-index)" = "67b3d6d0e84e53a5bdc263cc59340541877bb541706a191d762bfac6a481bdde"
"checksum draw_state 0.7.1 (registry+https://github.com/rust-lang/crates.io-index)" = "337aeb4ca88f60f29e2e01ff252ac4eb40b9a86c65f699bdf4c7e3944390cea9"
"checksum either 1.4.0 (registry+https://github.com/rust-lang/crates.io-index)" = "740178ddf48b1a9e878e6d6509a1442a2d42fd2928aae8e7a6f8a36fb01981b3"
"checksum fuchsia-zircon 0.3.2 (registry+https://github.com/rust-lang/crates.io-index)" = "bd510087c325af53ba24f3be8f1c081b0982319adcb8b03cad764512923ccc19"
"checksum fuchsia-zircon-sys 0.3.2 (registry+https://github.com/rust-lang/crates.io-index)" = "08b3a6f13ad6b96572b53ce7af74543132f1a7055ccceb6d073dd36c54481859"
"checksum gfx 0.16.2 (registry+https://github.com/rust-lang/crates.io-index)" = "582e735265170e2894ed8f52ef717f4a84f3bd76671e695aa4039ae85e4733dc"
"checksum gfx_core 0.7.2 (registry+https://github.com/rust-lang/crates.io-index)" = "ceb99b721c3b5c30585d5bb33283c21bcd7c8feb29f0791b7372c3b006822c9b"
"checksum gfx_device_gl 0.14.6 (registry+https://github.com/rust-lang/crates.io-index)" = "5f45e315f63439d0b1e2210a6a386a65fb0ed7ade4fc2bae57ad34d18073d8c1"
"checksum gfx_gl 0.4.0 (registry+https://github.com/rust-lang/crates.io-index)" = "daa001fc5c5d4bc78e0543f04ca3ef123e78fa79cfd7a27179cafddb90251540"
"checksum gfx_window_sdl 0.7.0 (registry+https://github.com/rust-lang/crates.io-index)" = "c12f7d73027fe2ee0fcb7f4717611259343e7093a7d28abd93409bf9d183555a"
"checksum gl_generator 0.7.0 (registry+https://github.com/rust-lang/crates.io-index)" = "04e3e0220a68b8875b5a311fe67ee3b76d3d9b719a92277aff0ec5bb5e7b0ec1"
"checksum itertools 0.5.10 (registry+https://github.com/rust-lang/crates.io-index)" = "4833d6978da405305126af4ac88569b5d71ff758581ce5a987dbfa3755f694fc"
"checksum khronos_api 2.0.0 (registry+https://github.com/rust-lang/crates.io-index)" = "d867c645cfeb8a7fec503731679eac03ac11b7105aa5a71cb8f8ee5271636add"
"checksum lazy_static 0.2.11 (registry+https://github.com/rust-lang/crates.io-index)" = "76f033c7ad61445c5b347c7382dd1237847eb1bce590fe50365dcb33d546be73"
"checksum libc 0.2.34 (registry+https://github.com/rust-lang/crates.io-index)" = "36fbc8a8929c632868295d0178dd8f63fc423fd7537ad0738372bd010b3ac9b0"
"checksum log 0.3.9 (registry+https://github.com/rust-lang/crates.io-index)" = "e19e8d5c34a3e0e2223db8e060f9e8264aeeb5c5fc64a4ee9965c062211c024b"
"checksum log 0.4.0 (registry+https://github.com/rust-lang/crates.io-index)" = "b3a89a0c46ba789b8a247d4c567aed4d7c68e624672d238b45cc3ec20dc9f940"
"checksum num 0.1.41 (registry+https://github.com/rust-lang/crates.io-index)" = "cc4083e14b542ea3eb9b5f33ff48bd373a92d78687e74f4cc0a30caeb754f0ca"
"checksum num-integer 0.1.35 (registry+https://github.com/rust-lang/crates.io-index)" = "d1452e8b06e448a07f0e6ebb0bb1d92b8890eea63288c0b627331d53514d0fba"
"checksum num-iter 0.1.34 (registry+https://github.com/rust-lang/crates.io-index)" = "7485fcc84f85b4ecd0ea527b14189281cf27d60e583ae65ebc9c088b13dffe01"
"checksum num-traits 0.1.41 (registry+https://github.com/rust-lang/crates.io-index)" = "cacfcab5eb48250ee7d0c7896b51a2c5eec99c1feea5f32025635f5ae4b00070"
"checksum quote 0.3.15 (registry+https://github.com/rust-lang/crates.io-index)" = "7a6e920b65c65f10b2ae65c831a81a073a89edd28c7cce89475bff467ab4167a"
"checksum rand 0.3.19 (registry+https://github.com/rust-lang/crates.io-index)" = "9e7944d95d25ace8f377da3ac7068ce517e4c646754c43a1b1849177bbf72e59"
"checksum sdl2 0.30.0 (registry+https://github.com/rust-lang/crates.io-index)" = "63066036ad426250ac56d23e38fd05063b38b661556acd596f4046cc92d98415"
"checksum sdl2-sys 0.30.0 (registry+https://github.com/rust-lang/crates.io-index)" = "b48638b7882759f3421038fcd38ad5f1ea19b119d80c99f1601933004629e34d"
"checksum syn 0.10.8 (registry+https://github.com/rust-lang/crates.io-index)" = "58fd09df59565db3399efbba34ba8a2fec1307511ebd245d0061ff9d42691673"
"checksum unicode-xid 0.0.4 (registry+https://github.com/rust-lang/crates.io-index)" = "8c1f860d7d29cf02cb2f3f359fd35991af3d30bac52c57d265a3c461074cb4dc"
"checksum xml-rs 0.7.0 (registry+https://github.com/rust-lang/crates.io-index)" = "3c1cb601d29fe2c2ac60a2b2e5e293994d87a1f6fa9687a31a15270f909be9c2"
